
Microsoft Visual Studio Solution File, Format Version 12.00
# Visual Studio Version 17
VisualStudioVersion = 17.11.35312.102
MinimumVisualStudioVersion = 10.0.40219.1
Project("{FAE04EC0-301F-11D3-BF4B-00C04F79EFBC}") = "Bai2", "Bai2.csproj", "{60A25EE2-9907-4AEC-918B-85AFE07A76F7}"
EndProject
Global
	GlobalSection(SolutionConfigurationPlatforms) = preSolution
		Debug|Any CPU = Debug|Any CPU
		Release|Any CPU = Release|Any CPU
	EndGlobalSection
	GlobalSection(ProjectConfigurationPlatforms) = postSolution
		{60A25EE2-9907-4AEC-918B-85AFE07A76F7}.Debug|Any CPU.ActiveCfg = Debug|Any CPU
		{60A25EE2-9907-4AEC-918B-85AFE07A76F7}.Debug|Any CPU.Build.0 = Debug|Any CPU
		{60A25EE2-9907-4AEC-918B-85AFE07A76F7}.Release|Any CPU.ActiveCfg = Release|Any CPU
		{60A25EE2-9907-4AEC-918B-85AFE07A76F7}.Release|Any CPU.Build.0 = Release|Any CPU
	EndGlobalSection
	GlobalSection(SolutionProperties) = preSolution
		HideSolutionNode = FALSE
	EndGlobalSection
	GlobalSection(ExtensibilityGlobals) = postSolution
		SolutionGuid = {86300B8E-CCAD-4EE4-B2E7-59EA5B2CEC23}
	EndGlobalSection
EndGlobal
